// !$*UTF8*$!
{
	archiveVersion = 1;
	classes = {
	};
	objectVersion = 51;
	objects = {

/* Begin PBXBuildFile section */
		0B6A3F52A8E0ADBF1CB5F77E /* Pods_ConnecTING_CTING_ConnecTING_CTINGUITests.framework in Frameworks */ = {isa = PBXBuildFile; fileRef = 4037F9FE9CD8921B9645AFDD /* Pods_ConnecTING_CTING_ConnecTING_CTINGUITests.framework */; };
		181DE5B14D1F441B474CE41E /* Pods_ConnecTING_CTINGTests.framework in Frameworks */ = {isa = PBXBuildFile; fileRef = F1E891D13C9F31151E59C1E8 /* Pods_ConnecTING_CTINGTests.framework */; };
		7D25A281266C3760009A0100 /* signoutTableViewCell.swift in Sources */ = {isa = PBXBuildFile; fileRef = 7D25A280266C3760009A0100 /* signoutTableViewCell.swift */; };
		7D25A283266C396F009A0100 /* QNATableViewController.swift in Sources */ = {isa = PBXBuildFile; fileRef = 7D25A282266C396F009A0100 /* QNATableViewController.swift */; };
		7D59DDCC266C461F0042C923 /* QuestionViewController.swift in Sources */ = {isa = PBXBuildFile; fileRef = 7D59DDCB266C461F0042C923 /* QuestionViewController.swift */; };
		7D59DDD1266D922E0042C923 /* QNATableViewCell.swift in Sources */ = {isa = PBXBuildFile; fileRef = 7D59DDD0266D922E0042C923 /* QNATableViewCell.swift */; };
		7D59EFA6266EB5F800D78BFC /* QuestionCollectionViewCell.swift in Sources */ = {isa = PBXBuildFile; fileRef = 7D59EFA5266EB5F800D78BFC /* QuestionCollectionViewCell.swift */; };
		7D5E18CD266C110D0066D624 /* SettingsTableViewController.swift in Sources */ = {isa = PBXBuildFile; fileRef = 7D5E18CC266C110D0066D624 /* SettingsTableViewController.swift */; };
		7DCE2DE626692A63002AE016 /* AppDelegate.swift in Sources */ = {isa = PBXBuildFile; fileRef = 7DCE2DE526692A63002AE016 /* AppDelegate.swift */; };
		7DCE2DE826692A63002AE016 /* SceneDelegate.swift in Sources */ = {isa = PBXBuildFile; fileRef = 7DCE2DE726692A63002AE016 /* SceneDelegate.swift */; };
		7DCE2DEA26692A63002AE016 /* ViewController.swift in Sources */ = {isa = PBXBuildFile; fileRef = 7DCE2DE926692A63002AE016 /* ViewController.swift */; };
		7DCE2DED26692A63002AE016 /* Main.storyboard in Resources */ = {isa = PBXBuildFile; fileRef = 7DCE2DEB26692A63002AE016 /* Main.storyboard */; };
		7DCE2DEF26692A66002AE016 /* Assets.xcassets in Resources */ = {isa = PBXBuildFile; fileRef = 7DCE2DEE26692A66002AE016 /* Assets.xcassets */; };
		7DCE2DF226692A66002AE016 /* LaunchScreen.storyboard in Resources */ = {isa = PBXBuildFile; fileRef = 7DCE2DF026692A66002AE016 /* LaunchScreen.storyboard */; };
		7DCE2DFD26692A66002AE016 /* ConnecTING_CTINGTests.swift in Sources */ = {isa = PBXBuildFile; fileRef = 7DCE2DFC26692A66002AE016 /* ConnecTING_CTINGTests.swift */; };
		7DCE2E0826692A66002AE016 /* ConnecTING_CTINGUITests.swift in Sources */ = {isa = PBXBuildFile; fileRef = 7DCE2E0726692A66002AE016 /* ConnecTING_CTINGUITests.swift */; };
		7DF82C9B2669330E00DF3405 /* RegisterViewController.swift in Sources */ = {isa = PBXBuildFile; fileRef = 7DF82C9A2669330E00DF3405 /* RegisterViewController.swift */; };
		F0252B2F6A28771A10B7CE2E /* Pods_ConnecTING_CTING.framework in Frameworks */ = {isa = PBXBuildFile; fileRef = C596BA5A8D33B967741A6B8D /* Pods_ConnecTING_CTING.framework */; };
/* End PBXBuildFile section */

/* Begin PBXContainerItemProxy section */
		7DCE2DF926692A66002AE016 /* PBXContainerItemProxy */ = {
			isa = PBXContainerItemProxy;
			containerPortal = 7DCE2DDA26692A63002AE016 /* Project object */;
			proxyType = 1;
			remoteGlobalIDString = 7DCE2DE126692A63002AE016;
			remoteInfo = "ConnecTING-CTING";
		};
		7DCE2E0426692A66002AE016 /* PBXContainerItemProxy */ = {
			isa = PBXContainerItemProxy;
			containerPortal = 7DCE2DDA26692A63002AE016 /* Project object */;
			proxyType = 1;
			remoteGlobalIDString = 7DCE2DE126692A63002AE016;
			remoteInfo = "ConnecTING-CTING";
		};
/* End PBXContainerItemProxy section */

/* Begin PBXFileReference section */
		4037F9FE9CD8921B9645AFDD /* Pods_ConnecTING_CTING_ConnecTING_CTINGUITests.framework */ = {isa = PBXFileReference; explicitFileType = wrapper.framework; includeInIndex = 0; path = Pods_ConnecTING_CTING_ConnecTING_CTINGUITests.framework; sourceTree = BUILT_PRODUCTS_DIR; };
		4A41C9DF2BE81C0E01BFFD9B /* Pods-ConnecTING-CTINGTests.release.xcconfig */ = {isa = PBXFileReference; includeInIndex = 1; lastKnownFileType = text.xcconfig; name = "Pods-ConnecTING-CTINGTests.release.xcconfig"; path = "Target Support Files/Pods-ConnecTING-CTINGTests/Pods-ConnecTING-CTINGTests.release.xcconfig"; sourceTree = "<group>"; };
		7D25A280266C3760009A0100 /* signoutTableViewCell.swift */ = {isa = PBXFileReference; lastKnownFileType = sourcecode.swift; path = signoutTableViewCell.swift; sourceTree = "<group>"; };
		7D25A282266C396F009A0100 /* QNATableViewController.swift */ = {isa = PBXFileReference; lastKnownFileType = sourcecode.swift; path = QNATableViewController.swift; sourceTree = "<group>"; };
		7D59DDCB266C461F0042C923 /* QuestionViewController.swift */ = {isa = PBXFileReference; lastKnownFileType = sourcecode.swift; path = QuestionViewController.swift; sourceTree = "<group>"; };
		7D59DDD0266D922E0042C923 /* QNATableViewCell.swift */ = {isa = PBXFileReference; lastKnownFileType = sourcecode.swift; path = QNATableViewCell.swift; sourceTree = "<group>"; };
		7D59EFA5266EB5F800D78BFC /* QuestionCollectionViewCell.swift */ = {isa = PBXFileReference; lastKnownFileType = sourcecode.swift; name = QuestionCollectionViewCell.swift; path = ../QuestionCollectionViewCell.swift; sourceTree = "<group>"; };
		7D5E18CC266C110D0066D624 /* SettingsTableViewController.swift */ = {isa = PBXFileReference; lastKnownFileType = sourcecode.swift; path = SettingsTableViewController.swift; sourceTree = "<group>"; };
		7DCE2DE226692A63002AE016 /* ConnecTING-CTING.app */ = {isa = PBXFileReference; explicitFileType = wrapper.application; includeInIndex = 0; path = "ConnecTING-CTING.app"; sourceTree = BUILT_PRODUCTS_DIR; };
		7DCE2DE526692A63002AE016 /* AppDelegate.swift */ = {isa = PBXFileReference; lastKnownFileType = sourcecode.swift; path = AppDelegate.swift; sourceTree = "<group>"; };
		7DCE2DE726692A63002AE016 /* SceneDelegate.swift */ = {isa = PBXFileReference; lastKnownFileType = sourcecode.swift; path = SceneDelegate.swift; sourceTree = "<group>"; };
		7DCE2DE926692A63002AE016 /* ViewController.swift */ = {isa = PBXFileReference; lastKnownFileType = sourcecode.swift; path = ViewController.swift; sourceTree = "<group>"; };
		7DCE2DEC26692A63002AE016 /* Base */ = {isa = PBXFileReference; lastKnownFileType = file.storyboard; name = Base; path = Base.lproj/Main.storyboard; sourceTree = "<group>"; };
		7DCE2DEE26692A66002AE016 /* Assets.xcassets */ = {isa = PBXFileReference; lastKnownFileType = folder.assetcatalog; path = Assets.xcassets; sourceTree = "<group>"; };
		7DCE2DF126692A66002AE016 /* Base */ = {isa = PBXFileReference; lastKnownFileType = file.storyboard; name = Base; path = Base.lproj/LaunchScreen.storyboard; sourceTree = "<group>"; };
		7DCE2DF326692A66002AE016 /* Info.plist */ = {isa = PBXFileReference; lastKnownFileType = text.plist.xml; path = Info.plist; sourceTree = "<group>"; };
		7DCE2DF826692A66002AE016 /* ConnecTING-CTINGTests.xctest */ = {isa = PBXFileReference; explicitFileType = wrapper.cfbundle; includeInIndex = 0; path = "ConnecTING-CTINGTests.xctest"; sourceTree = BUILT_PRODUCTS_DIR; };
		7DCE2DFC26692A66002AE016 /* ConnecTING_CTINGTests.swift */ = {isa = PBXFileReference; lastKnownFileType = sourcecode.swift; path = ConnecTING_CTINGTests.swift; sourceTree = "<group>"; };
		7DCE2DFE26692A66002AE016 /* Info.plist */ = {isa = PBXFileReference; lastKnownFileType = text.plist.xml; path = Info.plist; sourceTree = "<group>"; };
		7DCE2E0326692A66002AE016 /* ConnecTING-CTINGUITests.xctest */ = {isa = PBXFileReference; explicitFileType = wrapper.cfbundle; includeInIndex = 0; path = "ConnecTING-CTINGUITests.xctest"; sourceTree = BUILT_PRODUCTS_DIR; };
		7DCE2E0726692A66002AE016 /* ConnecTING_CTINGUITests.swift */ = {isa = PBXFileReference; lastKnownFileType = sourcecode.swift; path = ConnecTING_CTINGUITests.swift; sourceTree = "<group>"; };
		7DCE2E0926692A66002AE016 /* Info.plist */ = {isa = PBXFileReference; lastKnownFileType = text.plist.xml; path = Info.plist; sourceTree = "<group>"; };
		7DF82C9A2669330E00DF3405 /* RegisterViewController.swift */ = {isa = PBXFileReference; lastKnownFileType = sourcecode.swift; path = RegisterViewController.swift; sourceTree = "<group>"; };
		8A4C2F0F301C9C805DEF5F6E /* Pods-ConnecTING-CTING-ConnecTING-CTINGUITests.debug.xcconfig */ = {isa = PBXFileReference; includeInIndex = 1; lastKnownFileType = text.xcconfig; name = "Pods-ConnecTING-CTING-ConnecTING-CTINGUITests.debug.xcconfig"; path = "Target Support Files/Pods-ConnecTING-CTING-ConnecTING-CTINGUITests/Pods-ConnecTING-CTING-ConnecTING-CTINGUITests.debug.xcconfig"; sourceTree = "<group>"; };
		99FE035ED627C2F2AFA09E7B /* Pods-ConnecTING-CTINGTests.debug.xcconfig */ = {isa = PBXFileReference; includeInIndex = 1; lastKnownFileType = text.xcconfig; name = "Pods-ConnecTING-CTINGTests.debug.xcconfig"; path = "Target Support Files/Pods-ConnecTING-CTINGTests/Pods-ConnecTING-CTINGTests.debug.xcconfig"; sourceTree = "<group>"; };
		A23D4F7D96367ADBB9AF6513 /* Pods-ConnecTING-CTING.debug.xcconfig */ = {isa = PBXFileReference; includeInIndex = 1; lastKnownFileType = text.xcconfig; name = "Pods-ConnecTING-CTING.debug.xcconfig"; path = "Target Support Files/Pods-ConnecTING-CTING/Pods-ConnecTING-CTING.debug.xcconfig"; sourceTree = "<group>"; };
		C596BA5A8D33B967741A6B8D /* Pods_ConnecTING_CTING.framework */ = {isa = PBXFileReference; explicitFileType = wrapper.framework; includeInIndex = 0; path = Pods_ConnecTING_CTING.framework; sourceTree = BUILT_PRODUCTS_DIR; };
		DB8088F7019F4B9D77782E54 /* Pods-ConnecTING-CTING-ConnecTING-CTINGUITests.release.xcconfig */ = {isa = PBXFileReference; includeInIndex = 1; lastKnownFileType = text.xcconfig; name = "Pods-ConnecTING-CTING-ConnecTING-CTINGUITests.release.xcconfig"; path = "Target Support Files/Pods-ConnecTING-CTING-ConnecTING-CTINGUITests/Pods-ConnecTING-CTING-ConnecTING-CTINGUITests.release.xcconfig"; sourceTree = "<group>"; };
		DEB9CB672E0803CB36440953 /* Pods-ConnecTING-CTING.release.xcconfig */ = {isa = PBXFileReference; includeInIndex = 1; lastKnownFileType = text.xcconfig; name = "Pods-ConnecTING-CTING.release.xcconfig"; path = "Target Support Files/Pods-ConnecTING-CTING/Pods-ConnecTING-CTING.release.xcconfig"; sourceTree = "<group>"; };
		F1E891D13C9F31151E59C1E8 /* Pods_ConnecTING_CTINGTests.framework */ = {isa = PBXFileReference; explicitFileType = wrapper.framework; includeInIndex = 0; path = Pods_ConnecTING_CTINGTests.framework; sourceTree = BUILT_PRODUCTS_DIR; };
/* End PBXFileReference section */

/* Begin PBXFrameworksBuildPhase section */
		7DCE2DDF26692A63002AE016 /* Frameworks */ = {
			isa = PBXFrameworksBuildPhase;
			buildActionMask = 2147483647;
			files = (
				F0252B2F6A28771A10B7CE2E /* Pods_ConnecTING_CTING.framework in Frameworks */,
			);
			runOnlyForDeploymentPostprocessing = 0;
		};
		7DCE2DF526692A66002AE016 /* Frameworks */ = {
			isa = PBXFrameworksBuildPhase;
			buildActionMask = 2147483647;
			files = (
				181DE5B14D1F441B474CE41E /* Pods_ConnecTING_CTINGTests.framework in Frameworks */,
			);
			runOnlyForDeploymentPostprocessing = 0;
		};
		7DCE2E0026692A66002AE016 /* Frameworks */ = {
			isa = PBXFrameworksBuildPhase;
			buildActionMask = 2147483647;
			files = (
				0B6A3F52A8E0ADBF1CB5F77E /* Pods_ConnecTING_CTING_ConnecTING_CTINGUITests.framework in Frameworks */,
			);
			runOnlyForDeploymentPostprocessing = 0;
		};
/* End PBXFrameworksBuildPhase section */

/* Begin PBXGroup section */
		7DCE2DD926692A63002AE016 = {
			isa = PBXGroup;
			children = (
				7DCE2DE426692A63002AE016 /* ConnecTING-CTING */,
				7DCE2DFB26692A66002AE016 /* ConnecTING-CTINGTests */,
				7DCE2E0626692A66002AE016 /* ConnecTING-CTINGUITests */,
				7DCE2DE326692A63002AE016 /* Products */,
				9F240755F292DB564CE86442 /* Pods */,
				8F64FBF5BFB13793A3855544 /* Frameworks */,
			);
			sourceTree = "<group>";
		};
		7DCE2DE326692A63002AE016 /* Products */ = {
			isa = PBXGroup;
			children = (
				7DCE2DE226692A63002AE016 /* ConnecTING-CTING.app */,
				7DCE2DF826692A66002AE016 /* ConnecTING-CTINGTests.xctest */,
				7DCE2E0326692A66002AE016 /* ConnecTING-CTINGUITests.xctest */,
			);
			name = Products;
			sourceTree = "<group>";
		};
		7DCE2DE426692A63002AE016 /* ConnecTING-CTING */ = {
			isa = PBXGroup;
			children = (
				7DCE2DE526692A63002AE016 /* AppDelegate.swift */,
				7DCE2DE726692A63002AE016 /* SceneDelegate.swift */,
				7DCE2DE926692A63002AE016 /* ViewController.swift */,
				7DCE2DEB26692A63002AE016 /* Main.storyboard */,
				7D59DDD0266D922E0042C923 /* QNATableViewCell.swift */,
				7D25A282266C396F009A0100 /* QNATableViewController.swift */,
				7D25A280266C3760009A0100 /* signoutTableViewCell.swift */,
				7D59EFA5266EB5F800D78BFC /* QuestionCollectionViewCell.swift */,
				7D59DDCB266C461F0042C923 /* QuestionViewController.swift */,
				7D5E18CC266C110D0066D624 /* SettingsTableViewController.swift */,
				7DF82C9A2669330E00DF3405 /* RegisterViewController.swift */,
				7DCE2DEE26692A66002AE016 /* Assets.xcassets */,
				7DCE2DF026692A66002AE016 /* LaunchScreen.storyboard */,
				7DCE2DF326692A66002AE016 /* Info.plist */,
			);
			path = "ConnecTING-CTING";
			sourceTree = "<group>";
		};
		7DCE2DFB26692A66002AE016 /* ConnecTING-CTINGTests */ = {
			isa = PBXGroup;
			children = (
				7DCE2DFC26692A66002AE016 /* ConnecTING_CTINGTests.swift */,
				7DCE2DFE26692A66002AE016 /* Info.plist */,
			);
			path = "ConnecTING-CTINGTests";
			sourceTree = "<group>";
		};
		7DCE2E0626692A66002AE016 /* ConnecTING-CTINGUITests */ = {
			isa = PBXGroup;
			children = (
				7DCE2E0726692A66002AE016 /* ConnecTING_CTINGUITests.swift */,
				7DCE2E0926692A66002AE016 /* Info.plist */,
			);
			path = "ConnecTING-CTINGUITests";
			sourceTree = "<group>";
		};
		8F64FBF5BFB13793A3855544 /* Frameworks */ = {
			isa = PBXGroup;
			children = (
				C596BA5A8D33B967741A6B8D /* Pods_ConnecTING_CTING.framework */,
				4037F9FE9CD8921B9645AFDD /* Pods_ConnecTING_CTING_ConnecTING_CTINGUITests.framework */,
				F1E891D13C9F31151E59C1E8 /* Pods_ConnecTING_CTINGTests.framework */,
			);
			name = Frameworks;
			sourceTree = "<group>";
		};
		9F240755F292DB564CE86442 /* Pods */ = {
			isa = PBXGroup;
			children = (
				A23D4F7D96367ADBB9AF6513 /* Pods-ConnecTING-CTING.debug.xcconfig */,
				DEB9CB672E0803CB36440953 /* Pods-ConnecTING-CTING.release.xcconfig */,
				8A4C2F0F301C9C805DEF5F6E /* Pods-ConnecTING-CTING-ConnecTING-CTINGUITests.debug.xcconfig */,
				DB8088F7019F4B9D77782E54 /* Pods-ConnecTING-CTING-ConnecTING-CTINGUITests.release.xcconfig */,
				99FE035ED627C2F2AFA09E7B /* Pods-ConnecTING-CTINGTests.debug.xcconfig */,
				4A41C9DF2BE81C0E01BFFD9B /* Pods-ConnecTING-CTINGTests.release.xcconfig */,
			);
			path = Pods;
			sourceTree = "<group>";
		};
/* End PBXGroup section */

/* Begin PBXNativeTarget section */
		7DCE2DE126692A63002AE016 /* ConnecTING-CTING */ = {
			isa = PBXNativeTarget;
			buildConfigurationList = 7DCE2E0C26692A66002AE016 /* Build configuration list for PBXNativeTarget "ConnecTING-CTING" */;
			buildPhases = (
				5D866BE117C0D526378CB1F5 /* [CP] Check Pods Manifest.lock */,
				7DCE2DDE26692A63002AE016 /* Sources */,
				7DCE2DDF26692A63002AE016 /* Frameworks */,
				7DCE2DE026692A63002AE016 /* Resources */,
				F6AF356F9AAD924EA9F3CAF8 /* [CP] Embed Pods Frameworks */,
			);
			buildRules = (
			);
			dependencies = (
			);
			name = "ConnecTING-CTING";
			productName = "ConnecTING-CTING";
			productReference = 7DCE2DE226692A63002AE016 /* ConnecTING-CTING.app */;
			productType = "com.apple.product-type.application";
		};
		7DCE2DF726692A66002AE016 /* ConnecTING-CTINGTests */ = {
			isa = PBXNativeTarget;
			buildConfigurationList = 7DCE2E0F26692A66002AE016 /* Build configuration list for PBXNativeTarget "ConnecTING-CTINGTests" */;
			buildPhases = (
				B031E525DFC41F42B3D5C5D2 /* [CP] Check Pods Manifest.lock */,
				7DCE2DF426692A66002AE016 /* Sources */,
				7DCE2DF526692A66002AE016 /* Frameworks */,
				7DCE2DF626692A66002AE016 /* Resources */,
				F9A0F691B54137A96053C5E0 /* [CP] Embed Pods Frameworks */,
			);
			buildRules = (
			);
			dependencies = (
				7DCE2DFA26692A66002AE016 /* PBXTargetDependency */,
			);
			name = "ConnecTING-CTINGTests";
			productName = "ConnecTING-CTINGTests";
			productReference = 7DCE2DF826692A66002AE016 /* ConnecTING-CTINGTests.xctest */;
			productType = "com.apple.product-type.bundle.unit-test";
		};
		7DCE2E0226692A66002AE016 /* ConnecTING-CTINGUITests */ = {
			isa = PBXNativeTarget;
			buildConfigurationList = 7DCE2E1226692A66002AE016 /* Build configuration list for PBXNativeTarget "ConnecTING-CTINGUITests" */;
			buildPhases = (
				682A45E14FFB7BF2220278B1 /* [CP] Check Pods Manifest.lock */,
				7DCE2DFF26692A66002AE016 /* Sources */,
				7DCE2E0026692A66002AE016 /* Frameworks */,
				7DCE2E0126692A66002AE016 /* Resources */,
				8B469B7319A501004B48ACB7 /* [CP] Embed Pods Frameworks */,
			);
			buildRules = (
			);
			dependencies = (
				7DCE2E0526692A66002AE016 /* PBXTargetDependency */,
			);
			name = "ConnecTING-CTINGUITests";
			productName = "ConnecTING-CTINGUITests";
			productReference = 7DCE2E0326692A66002AE016 /* ConnecTING-CTINGUITests.xctest */;
			productType = "com.apple.product-type.bundle.ui-testing";
		};
/* End PBXNativeTarget section */

/* Begin PBXProject section */
		7DCE2DDA26692A63002AE016 /* Project object */ = {
			isa = PBXProject;
			attributes = {
				LastSwiftUpdateCheck = 1250;
				LastUpgradeCheck = 1250;
				TargetAttributes = {
					7DCE2DE126692A63002AE016 = {
						CreatedOnToolsVersion = 12.5;
					};
					7DCE2DF726692A66002AE016 = {
						CreatedOnToolsVersion = 12.5;
						TestTargetID = 7DCE2DE126692A63002AE016;
					};
					7DCE2E0226692A66002AE016 = {
						CreatedOnToolsVersion = 12.5;
						TestTargetID = 7DCE2DE126692A63002AE016;
					};
				};
			};
			buildConfigurationList = 7DCE2DDD26692A63002AE016 /* Build configuration list for PBXProject "ConnecTING-CTING" */;
			compatibilityVersion = "Xcode 9.3";
			developmentRegion = en;
			hasScannedForEncodings = 0;
			knownRegions = (
				en,
				Base,
			);
			mainGroup = 7DCE2DD926692A63002AE016;
			productRefGroup = 7DCE2DE326692A63002AE016 /* Products */;
			projectDirPath = "";
			projectRoot = "";
			targets = (
				7DCE2DE126692A63002AE016 /* ConnecTING-CTING */,
				7DCE2DF726692A66002AE016 /* ConnecTING-CTINGTests */,
				7DCE2E0226692A66002AE016 /* ConnecTING-CTINGUITests */,
			);
		};
/* End PBXProject section */

/* Begin PBXResourcesBuildPhase section */
		7DCE2DE026692A63002AE016 /* Resources */ = {
			isa = PBXResourcesBuildPhase;
			buildActionMask = 2147483647;
			files = (
				7DCE2DF226692A66002AE016 /* LaunchScreen.storyboard in Resources */,
				7DCE2DEF26692A66002AE016 /* Assets.xcassets in Resources */,
				7DCE2DED26692A63002AE016 /* Main.storyboard in Resources */,
			);
			runOnlyForDeploymentPostprocessing = 0;
		};
		7DCE2DF626692A66002AE016 /* Resources */ = {
			isa = PBXResourcesBuildPhase;
			buildActionMask = 2147483647;
			files = (
			);
			runOnlyForDeploymentPostprocessing = 0;
		};
		7DCE2E0126692A66002AE016 /* Resources */ = {
			isa = PBXResourcesBuildPhase;
			buildActionMask = 2147483647;
			files = (
			);
			runOnlyForDeploymentPostprocessing = 0;
		};
/* End PBXResourcesBuildPhase section */

/* Begin PBXShellScriptBuildPhase section */
		5D866BE117C0D526378CB1F5 /* [CP] Check Pods Manifest.lock */ = {
			isa = PBXShellScriptBuildPhase;
			buildActionMask = 2147483647;
			files = (
			);
			inputFileListPaths = (
			);
			inputPaths = (
				"${PODS_PODFILE_DIR_PATH}/Podfile.lock",
				"${PODS_ROOT}/Manifest.lock",
			);
			name = "[CP] Check Pods Manifest.lock";
			outputFileListPaths = (
			);
			outputPaths = (
				"$(DERIVED_FILE_DIR)/Pods-ConnecTING-CTING-checkManifestLockResult.txt",
			);
			runOnlyForDeploymentPostprocessing = 0;
			shellPath = /bin/sh;
			shellScript = "diff \"${PODS_PODFILE_DIR_PATH}/Podfile.lock\" \"${PODS_ROOT}/Manifest.lock\" > /dev/null\nif [ $? != 0 ] ; then\n    # print error to STDERR\n    echo \"error: The sandbox is not in sync with the Podfile.lock. Run 'pod install' or update your CocoaPods installation.\" >&2\n    exit 1\nfi\n# This output is used by Xcode 'outputs' to avoid re-running this script phase.\necho \"SUCCESS\" > \"${SCRIPT_OUTPUT_FILE_0}\"\n";
			showEnvVarsInLog = 0;
		};
		682A45E14FFB7BF2220278B1 /* [CP] Check Pods Manifest.lock */ = {
			isa = PBXShellScriptBuildPhase;
			buildActionMask = 2147483647;
			files = (
			);
			inputFileListPaths = (
			);
			inputPaths = (
				"${PODS_PODFILE_DIR_PATH}/Podfile.lock",
				"${PODS_ROOT}/Manifest.lock",
			);
			name = "[CP] Check Pods Manifest.lock";
			outputFileListPaths = (
			);
			outputPaths = (
				"$(DERIVED_FILE_DIR)/Pods-ConnecTING-CTING-ConnecTING-CTINGUITests-checkManifestLockResult.txt",
			);
			runOnlyForDeploymentPostprocessing = 0;
			shellPath = /bin/sh;
			shellScript = "diff \"${PODS_PODFILE_DIR_PATH}/Podfile.lock\" \"${PODS_ROOT}/Manifest.lock\" > /dev/null\nif [ $? != 0 ] ; then\n    # print error to STDERR\n    echo \"error: The sandbox is not in sync with the Podfile.lock. Run 'pod install' or update your CocoaPods installation.\" >&2\n    exit 1\nfi\n# This output is used by Xcode 'outputs' to avoid re-running this script phase.\necho \"SUCCESS\" > \"${SCRIPT_OUTPUT_FILE_0}\"\n";
			showEnvVarsInLog = 0;
		};
		8B469B7319A501004B48ACB7 /* [CP] Embed Pods Frameworks */ = {
			isa = PBXShellScriptBuildPhase;
			buildActionMask = 2147483647;
			files = (
			);
			inputFileListPaths = (
				"${PODS_ROOT}/Target Support Files/Pods-ConnecTING-CTING-ConnecTING-CTINGUITests/Pods-ConnecTING-CTING-ConnecTING-CTINGUITests-frameworks-${CONFIGURATION}-input-files.xcfilelist",
			);
			name = "[CP] Embed Pods Frameworks";
			outputFileListPaths = (
				"${PODS_ROOT}/Target Support Files/Pods-ConnecTING-CTING-ConnecTING-CTINGUITests/Pods-ConnecTING-CTING-ConnecTING-CTINGUITests-frameworks-${CONFIGURATION}-output-files.xcfilelist",
			);
			runOnlyForDeploymentPostprocessing = 0;
			shellPath = /bin/sh;
			shellScript = "\"${PODS_ROOT}/Target Support Files/Pods-ConnecTING-CTING-ConnecTING-CTINGUITests/Pods-ConnecTING-CTING-ConnecTING-CTINGUITests-frameworks.sh\"\n";
			showEnvVarsInLog = 0;
		};
		B031E525DFC41F42B3D5C5D2 /* [CP] Check Pods Manifest.lock */ = {
			isa = PBXShellScriptBuildPhase;
			buildActionMask = 2147483647;
			files = (
			);
			inputFileListPaths = (
			);
			inputPaths = (
				"${PODS_PODFILE_DIR_PATH}/Podfile.lock",
				"${PODS_ROOT}/Manifest.lock",
			);
			name = "[CP] Check Pods Manifest.lock";
			outputFileListPaths = (
			);
			outputPaths = (
				"$(DERIVED_FILE_DIR)/Pods-ConnecTING-CTINGTests-checkManifestLockResult.txt",
			);
			runOnlyForDeploymentPostprocessing = 0;
			shellPath = /bin/sh;
			shellScript = "diff \"${PODS_PODFILE_DIR_PATH}/Podfile.lock\" \"${PODS_ROOT}/Manifest.lock\" > /dev/null\nif [ $? != 0 ] ; then\n    # print error to STDERR\n    echo \"error: The sandbox is not in sync with the Podfile.lock. Run 'pod install' or update your CocoaPods installation.\" >&2\n    exit 1\nfi\n# This output is used by Xcode 'outputs' to avoid re-running this script phase.\necho \"SUCCESS\" > \"${SCRIPT_OUTPUT_FILE_0}\"\n";
			showEnvVarsInLog = 0;
		};
		F6AF356F9AAD924EA9F3CAF8 /* [CP] Embed Pods Frameworks */ = {
			isa = PBXShellScriptBuildPhase;
			buildActionMask = 2147483647;
			files = (
			);
			inputFileListPaths = (
				"${PODS_ROOT}/Target Support Files/Pods-ConnecTING-CTING/Pods-ConnecTING-CTING-frameworks-${CONFIGURATION}-input-files.xcfilelist",
			);
			name = "[CP] Embed Pods Frameworks";
			outputFileListPaths = (
				"${PODS_ROOT}/Target Support Files/Pods-ConnecTING-CTING/Pods-ConnecTING-CTING-frameworks-${CONFIGURATION}-output-files.xcfilelist",
			);
			runOnlyForDeploymentPostprocessing = 0;
			shellPath = /bin/sh;
			shellScript = "\"${PODS_ROOT}/Target Support Files/Pods-ConnecTING-CTING/Pods-ConnecTING-CTING-frameworks.sh\"\n";
			showEnvVarsInLog = 0;
		};
		F9A0F691B54137A96053C5E0 /* [CP] Embed Pods Frameworks */ = {
			isa = PBXShellScriptBuildPhase;
			buildActionMask = 2147483647;
			files = (
			);
			inputFileListPaths = (
				"${PODS_ROOT}/Target Support Files/Pods-ConnecTING-CTINGTests/Pods-ConnecTING-CTINGTests-frameworks-${CONFIGURATION}-input-files.xcfilelist",
			);
			name = "[CP] Embed Pods Frameworks";
			outputFileListPaths = (
				"${PODS_ROOT}/Target Support Files/Pods-ConnecTING-CTINGTests/Pods-ConnecTING-CTINGTests-frameworks-${CONFIGURATION}-output-files.xcfilelist",
			);
			runOnlyForDeploymentPostprocessing = 0;
			shellPath = /bin/sh;
			shellScript = "\"${PODS_ROOT}/Target Support Files/Pods-ConnecTING-CTINGTests/Pods-ConnecTING-CTINGTests-frameworks.sh\"\n";
			showEnvVarsInLog = 0;
		};
/* End PBXShellScriptBuildPhase section */

/* Begin PBXSourcesBuildPhase section */
		7DCE2DDE26692A63002AE016 /* Sources */ = {
			isa = PBXSourcesBuildPhase;
			buildActionMask = 2147483647;
			files = (
				7D59EFA6266EB5F800D78BFC /* QuestionCollectionViewCell.swift in Sources */,
				7D59DDD1266D922E0042C923 /* QNATableViewCell.swift in Sources */,
				7DCE2DEA26692A63002AE016 /* ViewController.swift in Sources */,
				7D5E18CD266C110D0066D624 /* SettingsTableViewController.swift in Sources */,
				7DCE2DE626692A63002AE016 /* AppDelegate.swift in Sources */,
				7DCE2DE826692A63002AE016 /* SceneDelegate.swift in Sources */,
				7DF82C9B2669330E00DF3405 /* RegisterViewController.swift in Sources */,
				7D25A281266C3760009A0100 /* signoutTableViewCell.swift in Sources */,
				7D59DDCC266C461F0042C923 /* QuestionViewController.swift in Sources */,
				7D25A283266C396F009A0100 /* QNATableViewController.swift in Sources */,
			);
			runOnlyForDeploymentPostprocessing = 0;
		};
		7DCE2DF426692A66002AE016 /* Sources */ = {
			isa = PBXSourcesBuildPhase;
			buildActionMask = 2147483647;
			files = (
				7DCE2DFD26692A66002AE016 /* ConnecTING_CTINGTests.swift in Sources */,
			);
			runOnlyForDeploymentPostprocessing = 0;
		};
		7DCE2DFF26692A66002AE016 /* Sources */ = {
			isa = PBXSourcesBuildPhase;
			buildActionMask = 2147483647;
			files = (
				7DCE2E0826692A66002AE016 /* ConnecTING_CTINGUITests.swift in Sources */,
			);
			runOnlyForDeploymentPostprocessing = 0;
		};
/* End PBXSourcesBuildPhase section */

/* Begin PBXTargetDependency section */
		7DCE2DFA26692A66002AE016 /* PBXTargetDependency */ = {
			isa = PBXTargetDependency;
			target = 7DCE2DE126692A63002AE016 /* ConnecTING-CTING */;
			targetProxy = 7DCE2DF926692A66002AE016 /* PBXContainerItemProxy */;
		};
		7DCE2E0526692A66002AE016 /* PBXTargetDependency */ = {
			isa = PBXTargetDependency;
			target = 7DCE2DE126692A63002AE016 /* ConnecTING-CTING */;
			targetProxy = 7DCE2E0426692A66002AE016 /* PBXContainerItemProxy */;
		};
/* End PBXTargetDependency section */

/* Begin PBXVariantGroup section */
		7DCE2DEB26692A63002AE016 /* Main.storyboard */ = {
			isa = PBXVariantGroup;
			children = (
				7DCE2DEC26692A63002AE016 /* Base */,
			);
			name = Main.storyboard;
			sourceTree = "<group>";
		};
		7DCE2DF026692A66002AE016 /* LaunchScreen.storyboard */ = {
			isa = PBXVariantGroup;
			children = (
				7DCE2DF126692A66002AE016 /* Base */,
			);
			name = LaunchScreen.storyboard;
			sourceTree = "<group>";
		};
/* End PBXVariantGroup section */

/* Begin XCBuildConfiguration section */
		7DCE2E0A26692A66002AE016 /* Debug */ = {
			isa = XCBuildConfiguration;
			buildSettings = {
				ALWAYS_SEARCH_USER_PATHS = NO;
				CLANG_ANALYZER_NONNULL = YES;
				CLANG_ANALYZER_NUMBER_OBJECT_CONVERSION = YES_AGGRESSIVE;
				CLANG_CXX_LANGUAGE_STANDARD = "gnu++14";
				CLANG_CXX_LIBRARY = "libc++";
				CLANG_ENABLE_MODULES = YES;
				CLANG_ENABLE_OBJC_ARC = YES;
				CLANG_ENABLE_OBJC_WEAK = YES;
				CLANG_WARN_BLOCK_CAPTURE_AUTORELEASING = YES;
				CLANG_WARN_BOOL_CONVERSION = YES;
				CLANG_WARN_COMMA = YES;
				CLANG_WARN_CONSTANT_CONVERSION = YES;
				CLANG_WARN_DEPRECATED_OBJC_IMPLEMENTATIONS = YES;
				CLANG_WARN_DIRECT_OBJC_ISA_USAGE = YES_ERROR;
				CLANG_WARN_DOCUMENTATION_COMMENTS = YES;
				CLANG_WARN_EMPTY_BODY = YES;
				CLANG_WARN_ENUM_CONVERSION = YES;
				CLANG_WARN_INFINITE_RECURSION = YES;
				CLANG_WARN_INT_CONVERSION = YES;
				CLANG_WARN_NON_LITERAL_NULL_CONVERSION = YES;
				CLANG_WARN_OBJC_IMPLICIT_RETAIN_SELF = YES;
				CLANG_WARN_OBJC_LITERAL_CONVERSION = YES;
				CLANG_WARN_OBJC_ROOT_CLASS = YES_ERROR;
				CLANG_WARN_QUOTED_INCLUDE_IN_FRAMEWORK_HEADER = YES;
				CLANG_WARN_RANGE_LOOP_ANALYSIS = YES;
				CLANG_WARN_STRICT_PROTOTYPES = YES;
				CLANG_WARN_SUSPICIOUS_MOVE = YES;
				CLANG_WARN_UNGUARDED_AVAILABILITY = YES_AGGRESSIVE;
				CLANG_WARN_UNREACHABLE_CODE = YES;
				CLANG_WARN__DUPLICATE_METHOD_MATCH = YES;
				COPY_PHASE_STRIP = NO;
				DEBUG_INFORMATION_FORMAT = dwarf;
				ENABLE_STRICT_OBJC_MSGSEND = YES;
				ENABLE_TESTABILITY = YES;
				GCC_C_LANGUAGE_STANDARD = gnu11;
				GCC_DYNAMIC_NO_PIC = NO;
				GCC_NO_COMMON_BLOCKS = YES;
				GCC_OPTIMIZATION_LEVEL = 0;
				GCC_PREPROCESSOR_DEFINITIONS = (
					"DEBUG=1",
					"$(inherited)",
				);
				GCC_WARN_64_TO_32_BIT_CONVERSION = YES;
				GCC_WARN_ABOUT_RETURN_TYPE = YES_ERROR;
				GCC_WARN_UNDECLARED_SELECTOR = YES;
				GCC_WARN_UNINITIALIZED_AUTOS = YES_AGGRESSIVE;
				GCC_WARN_UNUSED_FUNCTION = YES;
				GCC_WARN_UNUSED_VARIABLE = YES;
				IPHONEOS_DEPLOYMENT_TARGET = 14.5;
				MTL_ENABLE_DEBUG_INFO = INCLUDE_SOURCE;
				MTL_FAST_MATH = YES;
				ONLY_ACTIVE_ARCH = YES;
				SDKROOT = iphoneos;
				SWIFT_ACTIVE_COMPILATION_CONDITIONS = DEBUG;
				SWIFT_OPTIMIZATION_LEVEL = "-Onone";
			};
			name = Debug;
		};
		7DCE2E0B26692A66002AE016 /* Release */ = {
			isa = XCBuildConfiguration;
			buildSettings = {
				ALWAYS_SEARCH_USER_PATHS = NO;
				CLANG_ANALYZER_NONNULL = YES;
				CLANG_ANALYZER_NUMBER_OBJECT_CONVERSION = YES_AGGRESSIVE;
				CLANG_CXX_LANGUAGE_STANDARD = "gnu++14";
				CLANG_CXX_LIBRARY = "libc++";
				CLANG_ENABLE_MODULES = YES;
				CLANG_ENABLE_OBJC_ARC = YES;
				CLANG_ENABLE_OBJC_WEAK = YES;
				CLANG_WARN_BLOCK_CAPTURE_AUTORELEASING = YES;
				CLANG_WARN_BOOL_CONVERSION = YES;
				CLANG_WARN_COMMA = YES;
				CLANG_WARN_CONSTANT_CONVERSION = YES;
				CLANG_WARN_DEPRECATED_OBJC_IMPLEMENTATIONS = YES;
				CLANG_WARN_DIRECT_OBJC_ISA_USAGE = YES_ERROR;
				CLANG_WARN_DOCUMENTATION_COMMENTS = YES;
				CLANG_WARN_EMPTY_BODY = YES;
				CLANG_WARN_ENUM_CONVERSION = YES;
				CLANG_WARN_INFINITE_RECURSION = YES;
				CLANG_WARN_INT_CONVERSION = YES;
				CLANG_WARN_NON_LITERAL_NULL_CONVERSION = YES;
				CLANG_WARN_OBJC_IMPLICIT_RETAIN_SELF = YES;
				CLANG_WARN_OBJC_LITERAL_CONVERSION = YES;
				CLANG_WARN_OBJC_ROOT_CLASS = YES_ERROR;
				CLANG_WARN_QUOTED_INCLUDE_IN_FRAMEWORK_HEADER = YES;
				CLANG_WARN_RANGE_LOOP_ANALYSIS = YES;
				CLANG_WARN_STRICT_PROTOTYPES = YES;
				CLANG_WARN_SUSPICIOUS_MOVE = YES;
				CLANG_WARN_UNGUARDED_AVAILABILITY = YES_AGGRESSIVE;
				CLANG_WARN_UNREACHABLE_CODE = YES;
				CLANG_WARN__DUPLICATE_METHOD_MATCH = YES;
				COPY_PHASE_STRIP = NO;
				DEBUG_INFORMATION_FORMAT = "dwarf-with-dsym";
				ENABLE_NS_ASSERTIONS = NO;
				ENABLE_STRICT_OBJC_MSGSEND = YES;
				GCC_C_LANGUAGE_STANDARD = gnu11;
				GCC_NO_COMMON_BLOCKS = YES;
				GCC_WARN_64_TO_32_BIT_CONVERSION = YES;
				GCC_WARN_ABOUT_RETURN_TYPE = YES_ERROR;
				GCC_WARN_UNDECLARED_SELECTOR = YES;
				GCC_WARN_UNINITIALIZED_AUTOS = YES_AGGRESSIVE;
				GCC_WARN_UNUSED_FUNCTION = YES;
				GCC_WARN_UNUSED_VARIABLE = YES;
				IPHONEOS_DEPLOYMENT_TARGET = 14.5;
				MTL_ENABLE_DEBUG_INFO = NO;
				MTL_FAST_MATH = YES;
				SDKROOT = iphoneos;
				SWIFT_COMPILATION_MODE = wholemodule;
				SWIFT_OPTIMIZATION_LEVEL = "-O";
				VALIDATE_PRODUCT = YES;
			};
			name = Release;
		};
		7DCE2E0D26692A66002AE016 /* Debug */ = {
			isa = XCBuildConfiguration;
			baseConfigurationReference = A23D4F7D96367ADBB9AF6513 /* Pods-ConnecTING-CTING.debug.xcconfig */;
			buildSettings = {
				ASSETCATALOG_COMPILER_APPICON_NAME = AppIcon;
				ASSETCATALOG_COMPILER_GLOBAL_ACCENT_COLOR_NAME = AccentColor;
				CODE_SIGN_STYLE = Automatic;
				DEVELOPMENT_TEAM = YNZ6KTZX46;
				INFOPLIST_FILE = "ConnecTING-CTING/Info.plist";
				LD_RUNPATH_SEARCH_PATHS = (
					"$(inherited)",
					"@executable_path/Frameworks",
				);
				PRODUCT_BUNDLE_IDENTIFIER = "Sunhyeok-Jung.ConnecTING-CTING";
				PRODUCT_NAME = "$(TARGET_NAME)";
				SWIFT_VERSION = 5.0;
				TARGETED_DEVICE_FAMILY = "1,2";
			};
			name = Debug;
		};
		7DCE2E0E26692A66002AE016 /* Release */ = {
			isa = XCBuildConfiguration;
			baseConfigurationReference = DEB9CB672E0803CB36440953 /* Pods-ConnecTING-CTING.release.xcconfig */;
			buildSettings = {
				ASSETCATALOG_COMPILER_APPICON_NAME = AppIcon;
				ASSETCATALOG_COMPILER_GLOBAL_ACCENT_COLOR_NAME = AccentColor;
				CODE_SIGN_STYLE = Automatic;
				DEVELOPMENT_TEAM = YNZ6KTZX46;
				INFOPLIST_FILE = "ConnecTING-CTING/Info.plist";
				LD_RUNPATH_SEARCH_PATHS = (
					"$(inherited)",
					"@executable_path/Frameworks",
				);
				PRODUCT_BUNDLE_IDENTIFIER = "Sunhyeok-Jung.ConnecTING-CTING";
				PRODUCT_NAME = "$(TARGET_NAME)";
				SWIFT_VERSION = 5.0;
				TARGETED_DEVICE_FAMILY = "1,2";
			};
			name = Release;
		};
		7DCE2E1026692A66002AE016 /* Debug */ = {
			isa = XCBuildConfiguration;
			baseConfigurationReference = 99FE035ED627C2F2AFA09E7B /* Pods-ConnecTING-CTINGTests.debug.xcconfig */;
			buildSettings = {
				ALWAYS_EMBED_SWIFT_STANDARD_LIBRARIES = YES;
				BUNDLE_LOADER = "$(TEST_HOST)";
				CODE_SIGN_STYLE = Automatic;
				DEVELOPMENT_TEAM = YNZ6KTZX46;
				INFOPLIST_FILE = "ConnecTING-CTINGTests/Info.plist";
				IPHONEOS_DEPLOYMENT_TARGET = 14.5;
				LD_RUNPATH_SEARCH_PATHS = (
					"$(inherited)",
					"@executable_path/Frameworks",
					"@loader_path/Frameworks",
				);
				PRODUCT_BUNDLE_IDENTIFIER = "Sunhyeok-Jung.ConnecTING-CTINGTests";
				PRODUCT_NAME = "$(TARGET_NAME)";
				SWIFT_VERSION = 5.0;
				TARGETED_DEVICE_FAMILY = "1,2";
				TEST_HOST = "$(BUILT_PRODUCTS_DIR)/ConnecTING-CTING.app/ConnecTING-CTING";
			};
			name = Debug;
		};
		7DCE2E1126692A66002AE016 /* Release */ = {
			isa = XCBuildConfiguration;
			baseConfigurationReference = 4A41C9DF2BE81C0E01BFFD9B /* Pods-ConnecTING-CTINGTests.release.xcconfig */;
			buildSettings = {
				ALWAYS_EMBED_SWIFT_STANDARD_LIBRARIES = YES;
				BUNDLE_LOADER = "$(TEST_HOST)";
				CODE_SIGN_STYLE = Automatic;
				DEVELOPMENT_TEAM = YNZ6KTZX46;
				INFOPLIST_FILE = "ConnecTING-CTINGTests/Info.plist";
				IPHONEOS_DEPLOYMENT_TARGET = 14.5;
				LD_RUNPATH_SEARCH_PATHS = (
					"$(inherited)",
					"@executable_path/Frameworks",
					"@loader_path/Frameworks",
				);
				PRODUCT_BUNDLE_IDENTIFIER = "Sunhyeok-Jung.ConnecTING-CTINGTests";
				PRODUCT_NAME = "$(TARGET_NAME)";
				SWIFT_VERSION = 5.0;
				TARGETED_DEVICE_FAMILY = "1,2";
				TEST_HOST = "$(BUILT_PRODUCTS_DIR)/ConnecTING-CTING.app/ConnecTING-CTING";
			};
			name = Release;
		};
		7DCE2E1326692A66002AE016 /* Debug */ = {
			isa = XCBuildConfiguration;
			baseConfigurationReference = 8A4C2F0F301C9C805DEF5F6E /* Pods-ConnecTING-CTING-ConnecTING-CTINGUITests.debug.xcconfig */;
			buildSettings = {
				ALWAYS_EMBED_SWIFT_STANDARD_LIBRARIES = YES;
				CODE_SIGN_STYLE = Automatic;
				DEVELOPMENT_TEAM = YNZ6KTZX46;
				INFOPLIST_FILE = "ConnecTING-CTINGUITests/Info.plist";
				LD_RUNPATH_SEARCH_PATHS = (
					"$(inherited)",
					"@executable_path/Frameworks",
					"@loader_path/Frameworks",
				);
				PRODUCT_BUNDLE_IDENTIFIER = "Sunhyeok-Jung.ConnecTING-CTINGUITests";
				PRODUCT_NAME = "$(TARGET_NAME)";
				SWIFT_VERSION = 5.0;
				TARGETED_DEVICE_FAMILY = "1,2";
				TEST_TARGET_NAME = "ConnecTING-CTING";
			};
			name = Debug;
		};
		7DCE2E1426692A66002AE016 /* Release */ = {
			isa = XCBuildConfiguration;
			baseConfigurationReference = DB8088F7019F4B9D77782E54 /* Pods-ConnecTING-CTING-ConnecTING-CTINGUITests.release.xcconfig */;
			buildSettings = {
				ALWAYS_EMBED_SWIFT_STANDARD_LIBRARIES = YES;
				CODE_SIGN_STYLE = Automatic;
				DEVELOPMENT_TEAM = YNZ6KTZX46;
				INFOPLIST_FILE = "ConnecTING-CTINGUITests/Info.plist";
				LD_RUNPATH_SEARCH_PATHS = (
					"$(inherited)",
					"@executable_path/Frameworks",
					"@loader_path/Frameworks",
				);
				PRODUCT_BUNDLE_IDENTIFIER = "Sunhyeok-Jung.ConnecTING-CTINGUITests";
				PRODUCT_NAME = "$(TARGET_NAME)";
				SWIFT_VERSION = 5.0;
				TARGETED_DEVICE_FAMILY = "1,2";
				TEST_TARGET_NAME = "ConnecTING-CTING";
			};
			name = Release;
		};
/* End XCBuildConfiguration section */

/* Begin XCConfigurationList section */
		7DCE2DDD26692A63002AE016 /* Build configuration list for PBXProject "ConnecTING-CTING" */ = {
			isa = XCConfigurationList;
			buildConfigurations = (
				7DCE2E0A26692A66002AE016 /* Debug */,
				7DCE2E0B26692A66002AE016 /* Release */,
			);
			defaultConfigurationIsVisible = 0;
			defaultConfigurationName = Release;
		};
		7DCE2E0C26692A66002AE016 /* Build configuration list for PBXNativeTarget "ConnecTING-CTING" */ = {
			isa = XCConfigurationList;
			buildConfigurations = (
				7DCE2E0D26692A66002AE016 /* Debug */,
				7DCE2E0E26692A66002AE016 /* Release */,
			);
			defaultConfigurationIsVisible = 0;
			defaultConfigurationName = Release;
		};
		7DCE2E0F26692A66002AE016 /* Build configuration list for PBXNativeTarget "ConnecTING-CTINGTests" */ = {
			isa = XCConfigurationList;
			buildConfigurations = (
				7DCE2E1026692A66002AE016 /* Debug */,
				7DCE2E1126692A66002AE016 /* Release */,
			);
			defaultConfigurationIsVisible = 0;
			defaultConfigurationName = Release;
		};
		7DCE2E1226692A66002AE016 /* Build configuration list for PBXNativeTarget "ConnecTING-CTINGUITests" */ = {
			isa = XCConfigurationList;
			buildConfigurations = (
				7DCE2E1326692A66002AE016 /* Debug */,
				7DCE2E1426692A66002AE016 /* Release */,
			);
			defaultConfigurationIsVisible = 0;
			defaultConfigurationName = Release;
		};
/* End XCConfigurationList section */
	};
	rootObject = 7DCE2DDA26692A63002AE016 /* Project object */;
}
